// !$*UTF8*$!
{
	archiveVersion = 1;
	classes = {
	};
	objectVersion = 56;
	objects = {

/* Begin PBXBuildFile section */
		F8BB35BA2A91EEB800720602 /* AppDelegate.swift in Sources */ = {isa = PBXBuildFile; fileRef = F8BB35B92A91EEB800720602 /* AppDelegate.swift */; };
		F8BB35BC2A91EEB800720602 /* SceneDelegate.swift in Sources */ = {isa = PBXBuildFile; fileRef = F8BB35BB2A91EEB800720602 /* SceneDelegate.swift */; };
		F8BB35BE2A91EEB800720602 /* FilterViewController.swift in Sources */ = {isa = PBXBuildFile; fileRef = F8BB35BD2A91EEB800720602 /* FilterViewController.swift */; };
		F8BB35C12A91EEB800720602 /* Main.storyboard in Resources */ = {isa = PBXBuildFile; fileRef = F8BB35BF2A91EEB800720602 /* Main.storyboard */; };
		F8BB35C32A91EEBA00720602 /* Assets.xcassets in Resources */ = {isa = PBXBuildFile; fileRef = F8BB35C22A91EEBA00720602 /* Assets.xcassets */; };
		F8BB35C62A91EEBA00720602 /* LaunchScreen.storyboard in Resources */ = {isa = PBXBuildFile; fileRef = F8BB35C42A91EEBA00720602 /* LaunchScreen.storyboard */; };
		F8BB35D32A91F2F200720602 /* Constant.swift in Sources */ = {isa = PBXBuildFile; fileRef = F8BB35D22A91F2F200720602 /* Constant.swift */; };
		F8F2906A2A91FA3400B590FC /* FilterCollectionViewCell.swift in Sources */ = {isa = PBXBuildFile; fileRef = F8F290682A91FA3400B590FC /* FilterCollectionViewCell.swift */; };
		F8F2906B2A91FA3400B590FC /* FilterCollectionViewCell.xib in Resources */ = {isa = PBXBuildFile; fileRef = F8F290692A91FA3400B590FC /* FilterCollectionViewCell.xib */; };
		F8F290702A91FF5800B590FC /* Uiimage+Ext.swift in Sources */ = {isa = PBXBuildFile; fileRef = F8F2906F2A91FF5800B590FC /* Uiimage+Ext.swift */; };
		F8F290742A92053300B590FC /* FilterModel.swift in Sources */ = {isa = PBXBuildFile; fileRef = F8F290732A92053300B590FC /* FilterModel.swift */; };
/* End PBXBuildFile section */

/* Begin PBXFileReference section */
		F8BB35B62A91EEB800720602 /* Filter_Task.app */ = {isa = PBXFileReference; explicitFileType = wrapper.application; includeInIndex = 0; path = Filter_Task.app; sourceTree = BUILT_PRODUCTS_DIR; };
		F8BB35B92A91EEB800720602 /* AppDelegate.swift */ = {isa = PBXFileReference; lastKnownFileType = sourcecode.swift; path = AppDelegate.swift; sourceTree = "<group>"; };
		F8BB35BB2A91EEB800720602 /* SceneDelegate.swift */ = {isa = PBXFileReference; lastKnownFileType = sourcecode.swift; path = SceneDelegate.swift; sourceTree = "<group>"; };
		F8BB35BD2A91EEB800720602 /* FilterViewController.swift */ = {isa = PBXFileReference; lastKnownFileType = sourcecode.swift; path = FilterViewController.swift; sourceTree = "<group>"; };
		F8BB35C02A91EEB800720602 /* Base */ = {isa = PBXFileReference; lastKnownFileType = file.storyboard; name = Base; path = Base.lproj/Main.storyboard; sourceTree = "<group>"; };
		F8BB35C22A91EEBA00720602 /* Assets.xcassets */ = {isa = PBXFileReference; lastKnownFileType = folder.assetcatalog; path = Assets.xcassets; sourceTree = "<group>"; };
		F8BB35C52A91EEBA00720602 /* Base */ = {isa = PBXFileReference; lastKnownFileType = file.storyboard; name = Base; path = Base.lproj/LaunchScreen.storyboard; sourceTree = "<group>"; };
		F8BB35C72A91EEBA00720602 /* Info.plist */ = {isa = PBXFileReference; lastKnownFileType = text.plist.xml; path = Info.plist; sourceTree = "<group>"; };
		F8BB35D22A91F2F200720602 /* Constant.swift */ = {isa = PBXFileReference; lastKnownFileType = sourcecode.swift; path = Constant.swift; sourceTree = "<group>"; };
		F8F290682A91FA3400B590FC /* FilterCollectionViewCell.swift */ = {isa = PBXFileReference; lastKnownFileType = sourcecode.swift; path = FilterCollectionViewCell.swift; sourceTree = "<group>"; };
		F8F290692A91FA3400B590FC /* FilterCollectionViewCell.xib */ = {isa = PBXFileReference; lastKnownFileType = file.xib; path = FilterCollectionViewCell.xib; sourceTree = "<group>"; };
		F8F2906F2A91FF5800B590FC /* Uiimage+Ext.swift */ = {isa = PBXFileReference; lastKnownFileType = sourcecode.swift; path = "Uiimage+Ext.swift"; sourceTree = "<group>"; };
		F8F290732A92053300B590FC /* FilterModel.swift */ = {isa = PBXFileReference; lastKnownFileType = sourcecode.swift; path = FilterModel.swift; sourceTree = "<group>"; };
/* End PBXFileReference section */

/* Begin PBXFrameworksBuildPhase section */
		F8BB35B32A91EEB800720602 /* Frameworks */ = {
			isa = PBXFrameworksBuildPhase;
			buildActionMask = 2147483647;
			files = (
			);
			runOnlyForDeploymentPostprocessing = 0;
		};
/* End PBXFrameworksBuildPhase section */

/* Begin PBXGroup section */
		F8BB35AD2A91EEB800720602 = {
			isa = PBXGroup;
			children = (
				F8BB35B82A91EEB800720602 /* Filter_Task */,
				F8BB35B72A91EEB800720602 /* Products */,
			);
			sourceTree = "<group>";
		};
		F8BB35B72A91EEB800720602 /* Products */ = {
			isa = PBXGroup;
			children = (
				F8BB35B62A91EEB800720602 /* Filter_Task.app */,
			);
			name = Products;
			sourceTree = "<group>";
		};
		F8BB35B82A91EEB800720602 /* Filter_Task */ = {
			isa = PBXGroup;
			children = (
				F8BB35D22A91F2F200720602 /* Constant.swift */,
				F8F290752A92148B00B590FC /* ViewController */,
				F8F290722A92052900B590FC /* Model */,
				F8F290712A91FF6100B590FC /* Extension */,
				F8BB35CD2A91F14D00720602 /* View */,
				F8BB35B92A91EEB800720602 /* AppDelegate.swift */,
				F8BB35BB2A91EEB800720602 /* SceneDelegate.swift */,
				F8BB35BF2A91EEB800720602 /* Main.storyboard */,
				F8BB35C22A91EEBA00720602 /* Assets.xcassets */,
				F8BB35C42A91EEBA00720602 /* LaunchScreen.storyboard */,
				F8BB35C72A91EEBA00720602 /* Info.plist */,
			);
			path = Filter_Task;
			sourceTree = "<group>";
		};
		F8BB35CD2A91F14D00720602 /* View */ = {
			isa = PBXGroup;
			children = (
				F8BB35D42A91F9AC00720602 /* Cell */,
			);
			path = View;
			sourceTree = "<group>";
		};
		F8BB35D42A91F9AC00720602 /* Cell */ = {
			isa = PBXGroup;
			children = (
				F8BB35D52A91F9B500720602 /* FilterCell */,
			);
			path = Cell;
			sourceTree = "<group>";
		};
		F8BB35D52A91F9B500720602 /* FilterCell */ = {
			isa = PBXGroup;
			children = (
				F8F290682A91FA3400B590FC /* FilterCollectionViewCell.swift */,
				F8F290692A91FA3400B590FC /* FilterCollectionViewCell.xib */,
			);
			path = FilterCell;
			sourceTree = "<group>";
		};
		F8F290712A91FF6100B590FC /* Extension */ = {
			isa = PBXGroup;
			children = (
				F8F2906F2A91FF5800B590FC /* Uiimage+Ext.swift */,
			);
			path = Extension;
			sourceTree = "<group>";
		};
		F8F290722A92052900B590FC /* Model */ = {
			isa = PBXGroup;
			children = (
				F8F290732A92053300B590FC /* FilterModel.swift */,
			);
			path = Model;
			sourceTree = "<group>";
		};
		F8F290752A92148B00B590FC /* ViewController */ = {
			isa = PBXGroup;
			children = (
				F8BB35BD2A91EEB800720602 /* FilterViewController.swift */,
			);
			path = ViewController;
			sourceTree = "<group>";
		};
/* End PBXGroup section */

/* Begin PBXNativeTarget section */
		F8BB35B52A91EEB800720602 /* Filter_Task */ = {
			isa = PBXNativeTarget;
			buildConfigurationList = F8BB35CA2A91EEBA00720602 /* Build configuration list for PBXNativeTarget "Filter_Task" */;
			buildPhases = (
				F8BB35B22A91EEB800720602 /* Sources */,
				F8BB35B32A91EEB800720602 /* Frameworks */,
				F8BB35B42A91EEB800720602 /* Resources */,
			);
			buildRules = (
			);
			dependencies = (
			);
			name = Filter_Task;
			productName = Filter_Task;
			productReference = F8BB35B62A91EEB800720602 /* Filter_Task.app */;
			productType = "com.apple.product-type.application";
		};
/* End PBXNativeTarget section */

/* Begin PBXProject section */
		F8BB35AE2A91EEB800720602 /* Project object */ = {
			isa = PBXProject;
			attributes = {
				BuildIndependentTargetsInParallel = 1;
				LastSwiftUpdateCheck = 1420;
				LastUpgradeCheck = 1420;
				TargetAttributes = {
					F8BB35B52A91EEB800720602 = {
						CreatedOnToolsVersion = 14.2;
					};
				};
			};
			buildConfigurationList = F8BB35B12A91EEB800720602 /* Build configuration list for PBXProject "Filter_Task" */;
			compatibilityVersion = "Xcode 14.0";
			developmentRegion = en;
			hasScannedForEncodings = 0;
			knownRegions = (
				en,
				Base,
			);
			mainGroup = F8BB35AD2A91EEB800720602;
			productRefGroup = F8BB35B72A91EEB800720602 /* Products */;
			projectDirPath = "";
			projectRoot = "";
			targets = (
				F8BB35B52A91EEB800720602 /* Filter_Task */,
			);
		};
/* End PBXProject section */

/* Begin PBXResourcesBuildPhase section */
		F8BB35B42A91EEB800720602 /* Resources */ = {
			isa = PBXResourcesBuildPhase;
			buildActionMask = 2147483647;
			files = (
				F8BB35C62A91EEBA00720602 /* LaunchScreen.storyboard in Resources */,
				F8BB35C32A91EEBA00720602 /* Assets.xcassets in Resources */,
				F8F2906B2A91FA3400B590FC /* FilterCollectionViewCell.xib in Resources */,
				F8BB35C12A91EEB800720602 /* Main.storyboard in Resources */,
			);
			runOnlyForDeploymentPostprocessing = 0;
		};
/* End PBXResourcesBuildPhase section */

/* Begin PBXSourcesBuildPhase section */
		F8BB35B22A91EEB800720602 /* Sources */ = {
			isa = PBXSourcesBuildPhase;
			buildActionMask = 2147483647;
			files = (
				F8F2906A2A91FA3400B590FC /* FilterCollectionViewCell.swift in Sources */,
				F8F290702A91FF5800B590FC /* Uiimage+Ext.swift in Sources */,
				F8F290742A92053300B590FC /* FilterModel.swift in Sources */,
				F8BB35BE2A91EEB800720602 /* FilterViewController.swift in Sources */,
				F8BB35BA2A91EEB800720602 /* AppDelegate.swift in Sources */,
				F8BB35D32A91F2F200720602 /* Constant.swift in Sources */,
				F8BB35BC2A91EEB800720602 /* SceneDelegate.swift in Sources */,
			);
			runOnlyForDeploymentPostprocessing = 0;
		};
/* End PBXSourcesBuildPhase section */

/* Begin PBXVariantGroup section */
		F8BB35BF2A91EEB800720602 /* Main.storyboard */ = {
			isa = PBXVariantGroup;
			children = (
				F8BB35C02A91EEB800720602 /* Base */,
			);
			name = Main.storyboard;
			sourceTree = "<group>";
		};
		F8BB35C42A91EEBA00720602 /* LaunchScreen.storyboard */ = {
			isa = PBXVariantGroup;
			children = (
				F8BB35C52A91EEBA00720602 /* Base */,
			);
			name = LaunchScreen.storyboard;
			sourceTree = "<group>";
		};
/* End PBXVariantGroup section */

/* Begin XCBuildConfiguration section */
		F8BB35C82A91EEBA00720602 /* Debug */ = {
			isa = XCBuildConfiguration;
			buildSettings = {
				ALWAYS_SEARCH_USER_PATHS = NO;
				CLANG_ANALYZER_NONNULL = YES;
				CLANG_ANALYZER_NUMBER_OBJECT_CONVERSION = YES_AGGRESSIVE;
				CLANG_CXX_LANGUAGE_STANDARD = "gnu++20";
				CLANG_ENABLE_MODULES = YES;
				CLANG_ENABLE_OBJC_ARC = YES;
				CLANG_ENABLE_OBJC_WEAK = YES;
				CLANG_WARN_BLOCK_CAPTURE_AUTORELEASING = YES;
				CLANG_WARN_BOOL_CONVERSION = YES;
				CLANG_WARN_COMMA = YES;
				CLANG_WARN_CONSTANT_CONVERSION = YES;
				CLANG_WARN_DEPRECATED_OBJC_IMPLEMENTATIONS = YES;
				CLANG_WARN_DIRECT_OBJC_ISA_USAGE = YES_ERROR;
				CLANG_WARN_DOCUMENTATION_COMMENTS = YES;
				CLANG_WARN_EMPTY_BODY = YES;
				CLANG_WARN_ENUM_CONVERSION = YES;
				CLANG_WARN_INFINITE_RECURSION = YES;
				CLANG_WARN_INT_CONVERSION = YES;
				CLANG_WARN_NON_LITERAL_NULL_CONVERSION = YES;
				CLANG_WARN_OBJC_IMPLICIT_RETAIN_SELF = YES;
				CLANG_WARN_OBJC_LITERAL_CONVERSION = YES;
				CLANG_WARN_OBJC_ROOT_CLASS = YES_ERROR;
				CLANG_WARN_QUOTED_INCLUDE_IN_FRAMEWORK_HEADER = YES;
				CLANG_WARN_RANGE_LOOP_ANALYSIS = YES;
				CLANG_WARN_STRICT_PROTOTYPES = YES;
				CLANG_WARN_SUSPICIOUS_MOVE = YES;
				CLANG_WARN_UNGUARDED_AVAILABILITY = YES_AGGRESSIVE;
				CLANG_WARN_UNREACHABLE_CODE = YES;
				CLANG_WARN__DUPLICATE_METHOD_MATCH = YES;
				COPY_PHASE_STRIP = NO;
				DEBUG_INFORMATION_FORMAT = dwarf;
				ENABLE_STRICT_OBJC_MSGSEND = YES;
				ENABLE_TESTABILITY = YES;
				GCC_C_LANGUAGE_STANDARD = gnu11;
				GCC_DYNAMIC_NO_PIC = NO;
				GCC_NO_COMMON_BLOCKS = YES;
				GCC_OPTIMIZATION_LEVEL = 0;
				GCC_PREPROCESSOR_DEFINITIONS = (
					"DEBUG=1",
					"$(inherited)",
				);
				GCC_WARN_64_TO_32_BIT_CONVERSION = YES;
				GCC_WARN_ABOUT_RETURN_TYPE = YES_ERROR;
				GCC_WARN_UNDECLARED_SELECTOR = YES;
				GCC_WARN_UNINITIALIZED_AUTOS = YES_AGGRESSIVE;
				GCC_WARN_UNUSED_FUNCTION = YES;
				GCC_WARN_UNUSED_VARIABLE = YES;
				IPHONEOS_DEPLOYMENT_TARGET = 16.2;
				MTL_ENABLE_DEBUG_INFO = INCLUDE_SOURCE;
				MTL_FAST_MATH = YES;
				ONLY_ACTIVE_ARCH = YES;
				SDKROOT = iphoneos;
				SWIFT_ACTIVE_COMPILATION_CONDITIONS = DEBUG;
				SWIFT_OPTIMIZATION_LEVEL = "-Onone";
			};
			name = Debug;
		};
		F8BB35C92A91EEBA00720602 /* Release */ = {
			isa = XCBuildConfiguration;
			buildSettings = {
				ALWAYS_SEARCH_USER_PATHS = NO;
				CLANG_ANALYZER_NONNULL = YES;
				CLANG_ANALYZER_NUMBER_OBJECT_CONVERSION = YES_AGGRESSIVE;
				CLANG_CXX_LANGUAGE_STANDARD = "gnu++20";
				CLANG_ENABLE_MODULES = YES;
				CLANG_ENABLE_OBJC_ARC = YES;
				CLANG_ENABLE_OBJC_WEAK = YES;
				CLANG_WARN_BLOCK_CAPTURE_AUTORELEASING = YES;
				CLANG_WARN_BOOL_CONVERSION = YES;
				CLANG_WARN_COMMA = YES;
				CLANG_WARN_CONSTANT_CONVERSION = YES;
				CLANG_WARN_DEPRECATED_OBJC_IMPLEMENTATIONS = YES;
				CLANG_WARN_DIRECT_OBJC_ISA_USAGE = YES_ERROR;
				CLANG_WARN_DOCUMENTATION_COMMENTS = YES;
				CLANG_WARN_EMPTY_BODY = YES;
				CLANG_WARN_ENUM_CONVERSION = YES;
				CLANG_WARN_INFINITE_RECURSION = YES;
				CLANG_WARN_INT_CONVERSION = YES;
				CLANG_WARN_NON_LITERAL_NULL_CONVERSION = YES;
				CLANG_WARN_OBJC_IMPLICIT_RETAIN_SELF = YES;
				CLANG_WARN_OBJC_LITERAL_CONVERSION = YES;
				CLANG_WARN_OBJC_ROOT_CLASS = YES_ERROR;
				CLANG_WARN_QUOTED_INCLUDE_IN_FRAMEWORK_HEADER = YES;
				CLANG_WARN_RANGE_LOOP_ANALYSIS = YES;
				CLANG_WARN_STRICT_PROTOTYPES = YES;
				CLANG_WARN_SUSPICIOUS_MOVE = YES;
				CLANG_WARN_UNGUARDED_AVAILABILITY = YES_AGGRESSIVE;
				CLANG_WARN_UNREACHABLE_CODE = YES;
				CLANG_WARN__DUPLICATE_METHOD_MATCH = YES;
				COPY_PHASE_STRIP = NO;
				DEBUG_INFORMATION_FORMAT = "dwarf-with-dsym";
				ENABLE_NS_ASSERTIONS = NO;
				ENABLE_STRICT_OBJC_MSGSEND = YES;
				GCC_C_LANGUAGE_STANDARD = gnu11;
				GCC_NO_COMMON_BLOCKS = YES;
				GCC_WARN_64_TO_32_BIT_CONVERSION = YES;
				GCC_WARN_ABOUT_RETURN_TYPE = YES_ERROR;
				GCC_WARN_UNDECLARED_SELECTOR = YES;
				GCC_WARN_UNINITIALIZED_AUTOS = YES_AGGRESSIVE;
				GCC_WARN_UNUSED_FUNCTION = YES;
				GCC_WARN_UNUSED_VARIABLE = YES;
				IPHONEOS_DEPLOYMENT_TARGET = 16.2;
				MTL_ENABLE_DEBUG_INFO = NO;
				MTL_FAST_MATH = YES;
				SDKROOT = iphoneos;
				SWIFT_COMPILATION_MODE = wholemodule;
				SWIFT_OPTIMIZATION_LEVEL = "-O";
				VALIDATE_PRODUCT = YES;
			};
			name = Release;
		};
		F8BB35CB2A91EEBA00720602 /* Debug */ = {
			isa = XCBuildConfiguration;
			buildSettings = {
				ASSETCATALOG_COMPILER_APPICON_NAME = AppIcon;
				ASSETCATALOG_COMPILER_GLOBAL_ACCENT_COLOR_NAME = AccentColor;
				CODE_SIGN_STYLE = Automatic;
				CURRENT_PROJECT_VERSION = 1;
				DEVELOPMENT_TEAM = M8S29G9Z3W;
				GENERATE_INFOPLIST_FILE = YES;
				INFOPLIST_FILE = Filter_Task/Info.plist;
				INFOPLIST_KEY_UIApplicationSupportsIndirectInputEvents = YES;
				INFOPLIST_KEY_UILaunchStoryboardName = LaunchScreen;
				INFOPLIST_KEY_UIMainStoryboardFile = Main;
				INFOPLIST_KEY_UISupportedInterfaceOrientations_iPad = "UIInterfaceOrientationPortrait UIInterfaceOrientationPortraitUpsideDown UIInterfaceOrientationLandscapeLeft UIInterfaceOrientationLandscapeRight";
				INFOPLIST_KEY_UISupportedInterfaceOrientations_iPhone = "UIInterfaceOrientationPortrait UIInterfaceOrientationLandscapeLeft UIInterfaceOrientationLandscapeRight";
				LD_RUNPATH_SEARCH_PATHS = (
					"$(inherited)",
					"@executable_path/Frameworks",
				);
				MARKETING_VERSION = 1.0;
				PRODUCT_BUNDLE_IDENTIFIER = "Swift.oday.Filter-Task";
				PRODUCT_NAME = "$(TARGET_NAME)";
				SWIFT_EMIT_LOC_STRINGS = YES;
				SWIFT_VERSION = 5.0;
				TARGETED_DEVICE_FAMILY = "1,2";
			};
			name = Debug;
		};
		F8BB35CC2A91EEBA00720602 /* Release */ = {
			isa = XCBuildConfiguration;
			buildSettings = {
				ASSETCATALOG_COMPILER_APPICON_NAME = AppIcon;
				ASSETCATALOG_COMPILER_GLOBAL_ACCENT_COLOR_NAME = AccentColor;
				CODE_SIGN_STYLE = Automatic;
				CURRENT_PROJECT_VERSION = 1;
				DEVELOPMENT_TEAM = M8S29G9Z3W;
				GENERATE_INFOPLIST_FILE = YES;
				INFOPLIST_FILE = Filter_Task/Info.plist;
				INFOPLIST_KEY_UIApplicationSupportsIndirectInputEvents = YES;
				INFOPLIST_KEY_UILaunchStoryboardName = LaunchScreen;
				INFOPLIST_KEY_UIMainStoryboardFile = Main;
				INFOPLIST_KEY_UISupportedInterfaceOrientations_iPad = "UIInterfaceOrientationPortrait UIInterfaceOrientationPortraitUpsideDown UIInterfaceOrientationLandscapeLeft UIInterfaceOrientationLandscapeRight";
				INFOPLIST_KEY_UISupportedInterfaceOrientations_iPhone = "UIInterfaceOrientationPortrait UIInterfaceOrientationLandscapeLeft UIInterfaceOrientationLandscapeRight";
				LD_RUNPATH_SEARCH_PATHS = (
					"$(inherited)",
					"@executable_path/Frameworks",
				);
				MARKETING_VERSION = 1.0;
				PRODUCT_BUNDLE_IDENTIFIER = "Swift.oday.Filter-Task";
				PRODUCT_NAME = "$(TARGET_NAME)";
				SWIFT_EMIT_LOC_STRINGS = YES;
				SWIFT_VERSION = 5.0;
				TARGETED_DEVICE_FAMILY = "1,2";
			};
			name = Release;
		};
/* End XCBuildConfiguration section */

/* Begin XCConfigurationList section */
		F8BB35B12A91EEB800720602 /* Build configuration list for PBXProject "Filter_Task" */ = {
			isa = XCConfigurationList;
			buildConfigurations = (
				F8BB35C82A91EEBA00720602 /* Debug */,
				F8BB35C92A91EEBA00720602 /* Release */,
			);
			defaultConfigurationIsVisible = 0;
			defaultConfigurationName = Release;
		};
		F8BB35CA2A91EEBA00720602 /* Build configuration list for PBXNativeTarget "Filter_Task" */ = {
			isa = XCConfigurationList;
			buildConfigurations = (
				F8BB35CB2A91EEBA00720602 /* Debug */,
				F8BB35CC2A91EEBA00720602 /* Release */,
			);
			defaultConfigurationIsVisible = 0;
			defaultConfigurationName = Release;
		};
/* End XCConfigurationList section */
	};
	rootObject = F8BB35AE2A91EEB800720602 /* Project object */;
}
